{
    "_readme": [
        "This file locks the dependencies of your project to a known state",
        "Read more about it at https://getcomposer.org/doc/01-basic-usage.md#installing-dependencies",
        "This file is @generated automatically"
    ],
    "content-hash": "aaa6384fee76eff0ea10820740fc9f22",
    "packages": [
        {
            "name": "artistudioxyz/dot-framework",
            "version": "v0.1.1",
            "source": {
                "type": "git",
                "url": "https://github.com/artistudioxyz/dot-framework.git",
                "reference": "6335be74c5af2a4abe789f41435ad382e2637576"
            },
            "dist": {
                "type": "zip",
                "url": "https://api.github.com/repos/artistudioxyz/dot-framework/zipball/6335be74c5af2a4abe789f41435ad382e2637576",
                "reference": "6335be74c5af2a4abe789f41435ad382e2637576",
                "shasum": ""
            },
            "type": "library",
            "autoload": {
                "classmap": [
                    "src/Framework",
                    "src/WordPress"
                ]
            },
            "notification-url": "https://packagist.org/downloads/",
            "license": [
                "GPL-3.0"
            ],
            "authors": [
                {
                    "name": "Agung Sundoro",
                    "email": "muhagung2001@gmail.com"
                }
            ],
            "description": "Simple WordPress Utility Library for building better Plugins and Themes.",
            "support": {
                "issues": "https://github.com/artistudioxyz/dot-framework/issues",
                "source": "https://github.com/artistudioxyz/dot-framework/tree/v0.1.1"
            },
            "funding": [
                {
                    "url": "https://agung2001.github.io",
                    "type": "custom"
                }
            ],
            "time": "2023-01-06T08:51:19+00:00"
        }
    ],
    "packages-dev": [],
    "aliases": [],
    "minimum-stability": "stable",
    "stability-flags": [],
    "prefer-stable": false,
    "prefer-lowest": false,
    "platform": [],
    "platform-dev": [],
    "plugin-api-version": "2.3.0"
}
